// !$*UTF8*$!
{
	archiveVersion = 1;
	classes = {
	};
	objectVersion = 55;
	objects = {

/* Begin PBXBuildFile section */
		02E0F402293DE34100F418F3 /* AppDelegate.swift in Sources */ = {isa = PBXBuildFile; fileRef = 02E0F401293DE34100F418F3 /* AppDelegate.swift */; };
		02E0F404293DE34100F418F3 /* art.scnassets in Resources */ = {isa = PBXBuildFile; fileRef = 02E0F403293DE34100F418F3 /* art.scnassets */; };
		02E0F406293DE34100F418F3 /* ViewController.swift in Sources */ = {isa = PBXBuildFile; fileRef = 02E0F405293DE34100F418F3 /* ViewController.swift */; };
		02E0F409293DE34100F418F3 /* Main.storyboard in Resources */ = {isa = PBXBuildFile; fileRef = 02E0F407293DE34100F418F3 /* Main.storyboard */; };
		02E0F40B293DE34200F418F3 /* Assets.xcassets in Resources */ = {isa = PBXBuildFile; fileRef = 02E0F40A293DE34200F418F3 /* Assets.xcassets */; };
		02E0F40E293DE34200F418F3 /* LaunchScreen.storyboard in Resources */ = {isa = PBXBuildFile; fileRef = 02E0F40C293DE34200F418F3 /* LaunchScreen.storyboard */; };
		02E0F41A293DE85F00F418F3 /* BarChartController.swift in Sources */ = {isa = PBXBuildFile; fileRef = 02E0F419293DE85F00F418F3 /* BarChartController.swift */; };
		02E0F41C293DE8CA00F418F3 /* Plane.swift in Sources */ = {isa = PBXBuildFile; fileRef = 02E0F41B293DE8CA00F418F3 /* Plane.swift */; };
		02E0F41E293E069700F418F3 /* BarBuilder.swift in Sources */ = {isa = PBXBuildFile; fileRef = 02E0F41D293E069700F418F3 /* BarBuilder.swift */; };
		02E0F420293F197100F418F3 /* BarChart.swift in Sources */ = {isa = PBXBuildFile; fileRef = 02E0F41F293F197000F418F3 /* BarChart.swift */; };
		222B18A3293DE58A00ECD3ED /* BaseViewController.swift in Sources */ = {isa = PBXBuildFile; fileRef = 222B18A2293DE58A00ECD3ED /* BaseViewController.swift */; };
		222B18AA293DE91900ECD3ED /* GraphViewController.swift in Sources */ = {isa = PBXBuildFile; fileRef = 222B18A9293DE91900ECD3ED /* GraphViewController.swift */; };
		222B18AD293DE9F300ECD3ED /* Network.swift in Sources */ = {isa = PBXBuildFile; fileRef = 222B18AC293DE9F300ECD3ED /* Network.swift */; };
		222B18B1293DEA2E00ECD3ED /* BarChartViewController.swift in Sources */ = {isa = PBXBuildFile; fileRef = 222B18B0293DEA2E00ECD3ED /* BarChartViewController.swift */; };
		4F526BD9293DFCC7004F6923 /* DataModels.swift in Sources */ = {isa = PBXBuildFile; fileRef = 4F526BD7293DFCC7004F6923 /* DataModels.swift */; };
		4F526BDA293DFCC7004F6923 /* DataProvider.swift in Sources */ = {isa = PBXBuildFile; fileRef = 4F526BD8293DFCC7004F6923 /* DataProvider.swift */; };
		DECBD490293DEA7400EA1DFC /* ResponseModel.swift in Sources */ = {isa = PBXBuildFile; fileRef = DECBD48F293DEA7400EA1DFC /* ResponseModel.swift */; };
		DECBD495293DFECF00EA1DFC /* History.swift in Sources */ = {isa = PBXBuildFile; fileRef = DECBD494293DFECF00EA1DFC /* History.swift */; };
/* End PBXBuildFile section */

/* Begin PBXFileReference section */
		02E0F3FE293DE34100F418F3 /* ARbuzApp.app */ = {isa = PBXFileReference; explicitFileType = wrapper.application; includeInIndex = 0; path = ARbuzApp.app; sourceTree = BUILT_PRODUCTS_DIR; };
		02E0F401293DE34100F418F3 /* AppDelegate.swift */ = {isa = PBXFileReference; lastKnownFileType = sourcecode.swift; path = AppDelegate.swift; sourceTree = "<group>"; };
		02E0F403293DE34100F418F3 /* art.scnassets */ = {isa = PBXFileReference; lastKnownFileType = wrapper.scnassets; path = art.scnassets; sourceTree = "<group>"; };
		02E0F405293DE34100F418F3 /* ViewController.swift */ = {isa = PBXFileReference; lastKnownFileType = sourcecode.swift; path = ViewController.swift; sourceTree = "<group>"; };
		02E0F408293DE34100F418F3 /* Base */ = {isa = PBXFileReference; lastKnownFileType = file.storyboard; name = Base; path = Base.lproj/Main.storyboard; sourceTree = "<group>"; };
		02E0F40A293DE34200F418F3 /* Assets.xcassets */ = {isa = PBXFileReference; lastKnownFileType = folder.assetcatalog; path = Assets.xcassets; sourceTree = "<group>"; };
		02E0F40D293DE34200F418F3 /* Base */ = {isa = PBXFileReference; lastKnownFileType = file.storyboard; name = Base; path = Base.lproj/LaunchScreen.storyboard; sourceTree = "<group>"; };
		02E0F419293DE85F00F418F3 /* BarChartController.swift */ = {isa = PBXFileReference; lastKnownFileType = sourcecode.swift; path = BarChartController.swift; sourceTree = "<group>"; };
		02E0F41B293DE8CA00F418F3 /* Plane.swift */ = {isa = PBXFileReference; lastKnownFileType = sourcecode.swift; path = Plane.swift; sourceTree = "<group>"; };
		02E0F41D293E069700F418F3 /* BarBuilder.swift */ = {isa = PBXFileReference; lastKnownFileType = sourcecode.swift; path = BarBuilder.swift; sourceTree = "<group>"; };
		02E0F41F293F197000F418F3 /* BarChart.swift */ = {isa = PBXFileReference; lastKnownFileType = sourcecode.swift; path = BarChart.swift; sourceTree = "<group>"; };
		222B18A2293DE58A00ECD3ED /* BaseViewController.swift */ = {isa = PBXFileReference; lastKnownFileType = sourcecode.swift; path = BaseViewController.swift; sourceTree = "<group>"; };
		222B18A9293DE91900ECD3ED /* GraphViewController.swift */ = {isa = PBXFileReference; lastKnownFileType = sourcecode.swift; path = GraphViewController.swift; sourceTree = "<group>"; };
		222B18AC293DE9F300ECD3ED /* Network.swift */ = {isa = PBXFileReference; lastKnownFileType = sourcecode.swift; path = Network.swift; sourceTree = "<group>"; };
		222B18B0293DEA2E00ECD3ED /* BarChartViewController.swift */ = {isa = PBXFileReference; lastKnownFileType = sourcecode.swift; path = BarChartViewController.swift; sourceTree = "<group>"; };
		4F526BD7293DFCC7004F6923 /* DataModels.swift */ = {isa = PBXFileReference; fileEncoding = 4; lastKnownFileType = sourcecode.swift; path = DataModels.swift; sourceTree = "<group>"; };
		4F526BD8293DFCC7004F6923 /* DataProvider.swift */ = {isa = PBXFileReference; fileEncoding = 4; lastKnownFileType = sourcecode.swift; path = DataProvider.swift; sourceTree = "<group>"; };
		DECBD48F293DEA7400EA1DFC /* ResponseModel.swift */ = {isa = PBXFileReference; lastKnownFileType = sourcecode.swift; path = ResponseModel.swift; sourceTree = "<group>"; };
		DECBD493293DEE9200EA1DFC /* Info.plist */ = {isa = PBXFileReference; lastKnownFileType = text.plist; path = Info.plist; sourceTree = "<group>"; };
		DECBD494293DFECF00EA1DFC /* History.swift */ = {isa = PBXFileReference; lastKnownFileType = sourcecode.swift; path = History.swift; sourceTree = "<group>"; };
/* End PBXFileReference section */

/* Begin PBXFrameworksBuildPhase section */
		02E0F3FB293DE34100F418F3 /* Frameworks */ = {
			isa = PBXFrameworksBuildPhase;
			buildActionMask = 2147483647;
			files = (
			);
			runOnlyForDeploymentPostprocessing = 0;
		};
/* End PBXFrameworksBuildPhase section */

/* Begin PBXGroup section */
		02E0F3F5293DE34100F418F3 = {
			isa = PBXGroup;
			children = (
				02E0F400293DE34100F418F3 /* ARbuzApp */,
				02E0F3FF293DE34100F418F3 /* Products */,
			);
			sourceTree = "<group>";
		};
		02E0F3FF293DE34100F418F3 /* Products */ = {
			isa = PBXGroup;
			children = (
				02E0F3FE293DE34100F418F3 /* ARbuzApp.app */,
			);
			name = Products;
			sourceTree = "<group>";
		};
		02E0F400293DE34100F418F3 /* ARbuzApp */ = {
			isa = PBXGroup;
			children = (
				DECBD493293DEE9200EA1DFC /* Info.plist */,
				02E0F401293DE34100F418F3 /* AppDelegate.swift */,
				02E0F403293DE34100F418F3 /* art.scnassets */,
				02E0F405293DE34100F418F3 /* ViewController.swift */,
				222B18A2293DE58A00ECD3ED /* BaseViewController.swift */,
				222B18AE293DE9F800ECD3ED /* Kirill */,
				222B18AB293DE9D800ECD3ED /* Igor */,
				222B18A8293DE8D900ECD3ED /* Kostya */,
				02E0F418293DE84F00F418F3 /* Damir */,
				02E0F407293DE34100F418F3 /* Main.storyboard */,
				02E0F40A293DE34200F418F3 /* Assets.xcassets */,
				02E0F40C293DE34200F418F3 /* LaunchScreen.storyboard */,
			);
			path = ARbuzApp;
			sourceTree = "<group>";
		};
		02E0F418293DE84F00F418F3 /* Damir */ = {
			isa = PBXGroup;
			children = (
				02E0F419293DE85F00F418F3 /* BarChartController.swift */,
				02E0F41D293E069700F418F3 /* BarBuilder.swift */,
				02E0F41B293DE8CA00F418F3 /* Plane.swift */,
				02E0F41F293F197000F418F3 /* BarChart.swift */,
			);
			path = Damir;
			sourceTree = "<group>";
		};
		222B18A8293DE8D900ECD3ED /* Kostya */ = {
			isa = PBXGroup;
			children = (
				222B18A9293DE91900ECD3ED /* GraphViewController.swift */,
			);
			path = Kostya;
			sourceTree = "<group>";
		};
		222B18AB293DE9D800ECD3ED /* Igor */ = {
			isa = PBXGroup;
			children = (
				222B18AC293DE9F300ECD3ED /* Network.swift */,
				DECBD494293DFECF00EA1DFC /* History.swift */,
				DECBD48F293DEA7400EA1DFC /* ResponseModel.swift */,
			);
			path = Igor;
			sourceTree = "<group>";
		};
		222B18AE293DE9F800ECD3ED /* Kirill */ = {
			isa = PBXGroup;
			children = (
				222B18B0293DEA2E00ECD3ED /* BarChartViewController.swift */,
				4F526BD6293DFCC7004F6923 /* Business */,
			);
			path = Kirill;
			sourceTree = "<group>";
		};
		4F526BD6293DFCC7004F6923 /* Business */ = {
			isa = PBXGroup;
			children = (
				4F526BD7293DFCC7004F6923 /* DataModels.swift */,
				4F526BD8293DFCC7004F6923 /* DataProvider.swift */,
			);
			name = Business;
			path = ARbuzApp/Business;
			sourceTree = SOURCE_ROOT;
		};
/* End PBXGroup section */

/* Begin PBXNativeTarget section */
		02E0F3FD293DE34100F418F3 /* ARbuzApp */ = {
			isa = PBXNativeTarget;
			buildConfigurationList = 02E0F411293DE34200F418F3 /* Build configuration list for PBXNativeTarget "ARbuzApp" */;
			buildPhases = (
				02E0F3FA293DE34100F418F3 /* Sources */,
				02E0F3FB293DE34100F418F3 /* Frameworks */,
				02E0F3FC293DE34100F418F3 /* Resources */,
			);
			buildRules = (
			);
			dependencies = (
			);
			name = ARbuzApp;
			productName = ARbuzApp;
			productReference = 02E0F3FE293DE34100F418F3 /* ARbuzApp.app */;
			productType = "com.apple.product-type.application";
		};
/* End PBXNativeTarget section */

/* Begin PBXProject section */
		02E0F3F6293DE34100F418F3 /* Project object */ = {
			isa = PBXProject;
			attributes = {
				BuildIndependentTargetsInParallel = 1;
				LastSwiftUpdateCheck = 1330;
				LastUpgradeCheck = 1330;
				TargetAttributes = {
					02E0F3FD293DE34100F418F3 = {
						CreatedOnToolsVersion = 13.3.1;
					};
				};
			};
			buildConfigurationList = 02E0F3F9293DE34100F418F3 /* Build configuration list for PBXProject "ARbuzApp" */;
			compatibilityVersion = "Xcode 13.0";
			developmentRegion = en;
			hasScannedForEncodings = 0;
			knownRegions = (
				en,
				Base,
			);
			mainGroup = 02E0F3F5293DE34100F418F3;
			productRefGroup = 02E0F3FF293DE34100F418F3 /* Products */;
			projectDirPath = "";
			projectRoot = "";
			targets = (
				02E0F3FD293DE34100F418F3 /* ARbuzApp */,
			);
		};
/* End PBXProject section */

/* Begin PBXResourcesBuildPhase section */
		02E0F3FC293DE34100F418F3 /* Resources */ = {
			isa = PBXResourcesBuildPhase;
			buildActionMask = 2147483647;
			files = (
				02E0F404293DE34100F418F3 /* art.scnassets in Resources */,
				02E0F40E293DE34200F418F3 /* LaunchScreen.storyboard in Resources */,
				02E0F40B293DE34200F418F3 /* Assets.xcassets in Resources */,
				02E0F409293DE34100F418F3 /* Main.storyboard in Resources */,
			);
			runOnlyForDeploymentPostprocessing = 0;
		};
/* End PBXResourcesBuildPhase section */

/* Begin PBXSourcesBuildPhase section */
		02E0F3FA293DE34100F418F3 /* Sources */ = {
			isa = PBXSourcesBuildPhase;
			buildActionMask = 2147483647;
			files = (
				02E0F406293DE34100F418F3 /* ViewController.swift in Sources */,
				02E0F402293DE34100F418F3 /* AppDelegate.swift in Sources */,
				02E0F41C293DE8CA00F418F3 /* Plane.swift in Sources */,
				222B18AD293DE9F300ECD3ED /* Network.swift in Sources */,
				DECBD495293DFECF00EA1DFC /* History.swift in Sources */,
				222B18B1293DEA2E00ECD3ED /* BarChartViewController.swift in Sources */,
				4F526BDA293DFCC7004F6923 /* DataProvider.swift in Sources */,
				222B18AA293DE91900ECD3ED /* GraphViewController.swift in Sources */,
				02E0F41A293DE85F00F418F3 /* BarChartController.swift in Sources */,
				4F526BD9293DFCC7004F6923 /* DataModels.swift in Sources */,
				DECBD490293DEA7400EA1DFC /* ResponseModel.swift in Sources */,
				222B18A3293DE58A00ECD3ED /* BaseViewController.swift in Sources */,
				02E0F420293F197100F418F3 /* BarChart.swift in Sources */,
				02E0F41E293E069700F418F3 /* BarBuilder.swift in Sources */,
			);
			runOnlyForDeploymentPostprocessing = 0;
		};
/* End PBXSourcesBuildPhase section */

/* Begin PBXVariantGroup section */
		02E0F407293DE34100F418F3 /* Main.storyboard */ = {
			isa = PBXVariantGroup;
			children = (
				02E0F408293DE34100F418F3 /* Base */,
			);
			name = Main.storyboard;
			sourceTree = "<group>";
		};
		02E0F40C293DE34200F418F3 /* LaunchScreen.storyboard */ = {
			isa = PBXVariantGroup;
			children = (
				02E0F40D293DE34200F418F3 /* Base */,
			);
			name = LaunchScreen.storyboard;
			sourceTree = "<group>";
		};
/* End PBXVariantGroup section */

/* Begin XCBuildConfiguration section */
		02E0F40F293DE34200F418F3 /* Debug */ = {
			isa = XCBuildConfiguration;
			buildSettings = {
				ALWAYS_SEARCH_USER_PATHS = NO;
				CLANG_ANALYZER_NONNULL = YES;
				CLANG_ANALYZER_NUMBER_OBJECT_CONVERSION = YES_AGGRESSIVE;
				CLANG_CXX_LANGUAGE_STANDARD = "gnu++17";
				CLANG_ENABLE_MODULES = YES;
				CLANG_ENABLE_OBJC_ARC = YES;
				CLANG_ENABLE_OBJC_WEAK = YES;
				CLANG_WARN_BLOCK_CAPTURE_AUTORELEASING = YES;
				CLANG_WARN_BOOL_CONVERSION = YES;
				CLANG_WARN_COMMA = YES;
				CLANG_WARN_CONSTANT_CONVERSION = YES;
				CLANG_WARN_DEPRECATED_OBJC_IMPLEMENTATIONS = YES;
				CLANG_WARN_DIRECT_OBJC_ISA_USAGE = YES_ERROR;
				CLANG_WARN_DOCUMENTATION_COMMENTS = YES;
				CLANG_WARN_EMPTY_BODY = YES;
				CLANG_WARN_ENUM_CONVERSION = YES;
				CLANG_WARN_INFINITE_RECURSION = YES;
				CLANG_WARN_INT_CONVERSION = YES;
				CLANG_WARN_NON_LITERAL_NULL_CONVERSION = YES;
				CLANG_WARN_OBJC_IMPLICIT_RETAIN_SELF = YES;
				CLANG_WARN_OBJC_LITERAL_CONVERSION = YES;
				CLANG_WARN_OBJC_ROOT_CLASS = YES_ERROR;
				CLANG_WARN_QUOTED_INCLUDE_IN_FRAMEWORK_HEADER = YES;
				CLANG_WARN_RANGE_LOOP_ANALYSIS = YES;
				CLANG_WARN_STRICT_PROTOTYPES = YES;
				CLANG_WARN_SUSPICIOUS_MOVE = YES;
				CLANG_WARN_UNGUARDED_AVAILABILITY = YES_AGGRESSIVE;
				CLANG_WARN_UNREACHABLE_CODE = YES;
				CLANG_WARN__DUPLICATE_METHOD_MATCH = YES;
				COPY_PHASE_STRIP = NO;
				DEBUG_INFORMATION_FORMAT = dwarf;
				ENABLE_STRICT_OBJC_MSGSEND = YES;
				ENABLE_TESTABILITY = YES;
				GCC_C_LANGUAGE_STANDARD = gnu11;
				GCC_DYNAMIC_NO_PIC = NO;
				GCC_NO_COMMON_BLOCKS = YES;
				GCC_OPTIMIZATION_LEVEL = 0;
				GCC_PREPROCESSOR_DEFINITIONS = (
					"DEBUG=1",
					"$(inherited)",
				);
				GCC_WARN_64_TO_32_BIT_CONVERSION = YES;
				GCC_WARN_ABOUT_RETURN_TYPE = YES_ERROR;
				GCC_WARN_UNDECLARED_SELECTOR = YES;
				GCC_WARN_UNINITIALIZED_AUTOS = YES_AGGRESSIVE;
				GCC_WARN_UNUSED_FUNCTION = YES;
				GCC_WARN_UNUSED_VARIABLE = YES;
				IPHONEOS_DEPLOYMENT_TARGET = 15.0;
				MTL_ENABLE_DEBUG_INFO = INCLUDE_SOURCE;
				MTL_FAST_MATH = YES;
				ONLY_ACTIVE_ARCH = YES;
				SDKROOT = iphoneos;
				SWIFT_ACTIVE_COMPILATION_CONDITIONS = DEBUG;
				SWIFT_OPTIMIZATION_LEVEL = "-Onone";
			};
			name = Debug;
		};
		02E0F410293DE34200F418F3 /* Release */ = {
			isa = XCBuildConfiguration;
			buildSettings = {
				ALWAYS_SEARCH_USER_PATHS = NO;
				CLANG_ANALYZER_NONNULL = YES;
				CLANG_ANALYZER_NUMBER_OBJECT_CONVERSION = YES_AGGRESSIVE;
				CLANG_CXX_LANGUAGE_STANDARD = "gnu++17";
				CLANG_ENABLE_MODULES = YES;
				CLANG_ENABLE_OBJC_ARC = YES;
				CLANG_ENABLE_OBJC_WEAK = YES;
				CLANG_WARN_BLOCK_CAPTURE_AUTORELEASING = YES;
				CLANG_WARN_BOOL_CONVERSION = YES;
				CLANG_WARN_COMMA = YES;
				CLANG_WARN_CONSTANT_CONVERSION = YES;
				CLANG_WARN_DEPRECATED_OBJC_IMPLEMENTATIONS = YES;
				CLANG_WARN_DIRECT_OBJC_ISA_USAGE = YES_ERROR;
				CLANG_WARN_DOCUMENTATION_COMMENTS = YES;
				CLANG_WARN_EMPTY_BODY = YES;
				CLANG_WARN_ENUM_CONVERSION = YES;
				CLANG_WARN_INFINITE_RECURSION = YES;
				CLANG_WARN_INT_CONVERSION = YES;
				CLANG_WARN_NON_LITERAL_NULL_CONVERSION = YES;
				CLANG_WARN_OBJC_IMPLICIT_RETAIN_SELF = YES;
				CLANG_WARN_OBJC_LITERAL_CONVERSION = YES;
				CLANG_WARN_OBJC_ROOT_CLASS = YES_ERROR;
				CLANG_WARN_QUOTED_INCLUDE_IN_FRAMEWORK_HEADER = YES;
				CLANG_WARN_RANGE_LOOP_ANALYSIS = YES;
				CLANG_WARN_STRICT_PROTOTYPES = YES;
				CLANG_WARN_SUSPICIOUS_MOVE = YES;
				CLANG_WARN_UNGUARDED_AVAILABILITY = YES_AGGRESSIVE;
				CLANG_WARN_UNREACHABLE_CODE = YES;
				CLANG_WARN__DUPLICATE_METHOD_MATCH = YES;
				COPY_PHASE_STRIP = NO;
				DEBUG_INFORMATION_FORMAT = "dwarf-with-dsym";
				ENABLE_NS_ASSERTIONS = NO;
				ENABLE_STRICT_OBJC_MSGSEND = YES;
				GCC_C_LANGUAGE_STANDARD = gnu11;
				GCC_NO_COMMON_BLOCKS = YES;
				GCC_WARN_64_TO_32_BIT_CONVERSION = YES;
				GCC_WARN_ABOUT_RETURN_TYPE = YES_ERROR;
				GCC_WARN_UNDECLARED_SELECTOR = YES;
				GCC_WARN_UNINITIALIZED_AUTOS = YES_AGGRESSIVE;
				GCC_WARN_UNUSED_FUNCTION = YES;
				GCC_WARN_UNUSED_VARIABLE = YES;
				IPHONEOS_DEPLOYMENT_TARGET = 15.0;
				MTL_ENABLE_DEBUG_INFO = NO;
				MTL_FAST_MATH = YES;
				SDKROOT = iphoneos;
				SWIFT_COMPILATION_MODE = wholemodule;
				SWIFT_OPTIMIZATION_LEVEL = "-O";
				VALIDATE_PRODUCT = YES;
			};
			name = Release;
		};
		02E0F412293DE34200F418F3 /* Debug */ = {
			isa = XCBuildConfiguration;
			buildSettings = {
				ASSETCATALOG_COMPILER_APPICON_NAME = AppIcon;
				ASSETCATALOG_COMPILER_GLOBAL_ACCENT_COLOR_NAME = AccentColor;
				CODE_SIGN_IDENTITY = "Apple Development";
				CODE_SIGN_STYLE = Automatic;
				CURRENT_PROJECT_VERSION = 1;
				DEVELOPMENT_TEAM = APAW5P9QGC;
				GENERATE_INFOPLIST_FILE = YES;
				INFOPLIST_FILE = ARbuzApp/Info.plist;
				INFOPLIST_KEY_NSCameraUsageDescription = "";
				INFOPLIST_KEY_UIApplicationSupportsIndirectInputEvents = YES;
				INFOPLIST_KEY_UILaunchStoryboardName = LaunchScreen;
				INFOPLIST_KEY_UIMainStoryboardFile = Main;
				INFOPLIST_KEY_UIRequiredDeviceCapabilities = arkit;
				INFOPLIST_KEY_UIStatusBarHidden = YES;
				INFOPLIST_KEY_UISupportedInterfaceOrientations_iPad = "UIInterfaceOrientationPortrait UIInterfaceOrientationPortraitUpsideDown UIInterfaceOrientationLandscapeLeft UIInterfaceOrientationLandscapeRight";
				INFOPLIST_KEY_UISupportedInterfaceOrientations_iPhone = "UIInterfaceOrientationPortrait UIInterfaceOrientationLandscapeLeft UIInterfaceOrientationLandscapeRight";
				IPHONEOS_DEPLOYMENT_TARGET = 15.0;
				LD_RUNPATH_SEARCH_PATHS = (
					"$(inherited)",
					"@executable_path/Frameworks",
				);
				MARKETING_VERSION = 1.0;
				PRODUCT_BUNDLE_IDENTIFIER = ARbuzApp.ARbuzApp1;
				PRODUCT_NAME = "$(TARGET_NAME)";
				PROVISIONING_PROFILE_SPECIFIER = "";
				SWIFT_EMIT_LOC_STRINGS = YES;
				SWIFT_VERSION = 5.0;
				TARGETED_DEVICE_FAMILY = "1,2";
			};
			name = Debug;
		};
		02E0F413293DE34200F418F3 /* Release */ = {
			isa = XCBuildConfiguration;
			buildSettings = {
				ASSETCATALOG_COMPILER_APPICON_NAME = AppIcon;
				ASSETCATALOG_COMPILER_GLOBAL_ACCENT_COLOR_NAME = AccentColor;
				CODE_SIGN_IDENTITY = "Apple Development";
				CODE_SIGN_STYLE = Automatic;
				CURRENT_PROJECT_VERSION = 1;
				DEVELOPMENT_TEAM = APAW5P9QGC;
				GENERATE_INFOPLIST_FILE = YES;
				INFOPLIST_FILE = ARbuzApp/Info.plist;
				INFOPLIST_KEY_NSCameraUsageDescription = "";
				INFOPLIST_KEY_UIApplicationSupportsIndirectInputEvents = YES;
				INFOPLIST_KEY_UILaunchStoryboardName = LaunchScreen;
				INFOPLIST_KEY_UIMainStoryboardFile = Main;
				INFOPLIST_KEY_UIRequiredDeviceCapabilities = arkit;
				INFOPLIST_KEY_UIStatusBarHidden = YES;
				INFOPLIST_KEY_UISupportedInterfaceOrientations_iPad = "UIInterfaceOrientationPortrait UIInterfaceOrientationPortraitUpsideDown UIInterfaceOrientationLandscapeLeft UIInterfaceOrientationLandscapeRight";
				INFOPLIST_KEY_UISupportedInterfaceOrientations_iPhone = "UIInterfaceOrientationPortrait UIInterfaceOrientationLandscapeLeft UIInterfaceOrientationLandscapeRight";
				IPHONEOS_DEPLOYMENT_TARGET = 15.0;
				LD_RUNPATH_SEARCH_PATHS = (
					"$(inherited)",
					"@executable_path/Frameworks",
				);
				MARKETING_VERSION = 1.0;
				PRODUCT_BUNDLE_IDENTIFIER = ARbuzApp.ARbuzApp1;
				PRODUCT_NAME = "$(TARGET_NAME)";
				PROVISIONING_PROFILE_SPECIFIER = "";
				SWIFT_EMIT_LOC_STRINGS = YES;
				SWIFT_VERSION = 5.0;
				TARGETED_DEVICE_FAMILY = "1,2";
			};
			name = Release;
		};
/* End XCBuildConfiguration section */

/* Begin XCConfigurationList section */
		02E0F3F9293DE34100F418F3 /* Build configuration list for PBXProject "ARbuzApp" */ = {
			isa = XCConfigurationList;
			buildConfigurations = (
				02E0F40F293DE34200F418F3 /* Debug */,
				02E0F410293DE34200F418F3 /* Release */,
			);
			defaultConfigurationIsVisible = 0;
			defaultConfigurationName = Release;
		};
		02E0F411293DE34200F418F3 /* Build configuration list for PBXNativeTarget "ARbuzApp" */ = {
			isa = XCConfigurationList;
			buildConfigurations = (
				02E0F412293DE34200F418F3 /* Debug */,
				02E0F413293DE34200F418F3 /* Release */,
			);
			defaultConfigurationIsVisible = 0;
			defaultConfigurationName = Release;
		};
/* End XCConfigurationList section */
	};
	rootObject = 02E0F3F6293DE34100F418F3 /* Project object */;
}
